<Solution>
    <Folder Name="/Solution Items/">
        <File Path=".editorconfig"/>
    </Folder>
    <Project Path="docker-compose.dcproj">
        <Build/>
    </Project>
    <Project Path="HoroscopeApi.Application/HoroscopeApi.Application.csproj"/>
    <Project Path="HoroscopeApi.Domain/HoroscopeApi.Domain.csproj"/>
    <Project Path="HoroscopeApi.Infrastructure/HoroscopeApi.Infrastructure.csproj"/>
    <Project Path="HoroscopeApi.WebApi/HoroscopeApi.WebApi.csproj"/>
</Solution>
